
Microsoft Visual Studio Solution File, Format Version 9.00
# Visual Studio 2005
Project("{8BC9CEB8-8B4A-11D0-8D11-00A0C91BC942}") = "NifSE", "NifSE.vcproj", "{D4DDA734-7E93-4581-8F82-32BB738F69FE}"
EndProject
Project("{8BC9CEB8-8B4A-11D0-8D11-00A0C91BC942}") = "common", "..\common\common.vcproj", "{20C6411C-596F-4B85-BE4E-8BC91F59D8A6}"
EndProject
Project("{8BC9CEB8-8B4A-11D0-8D11-00A0C91BC942}") = "NifScript", "..\DUMMY NifScript\NifScript.vcproj", "{DFA23054-DC80-47DE-9F8D-F47A0FAE8787}"
EndProject
Global
	GlobalSection(SourceCodeControl) = preSolution
		SccNumberOfProjects = 1
		SccProjectName0 = Perforce\u0020Project
		SccLocalPath0 = ..
		SccProvider0 = MSSCCI:Perforce\u0020SCM
		SccProjectFilePathRelativizedFromConnection0 = NifSE\\
	EndGlobalSection
	GlobalSection(SolutionConfigurationPlatforms) = preSolution
		Debug - Static|Win32 = Debug - Static|Win32
		Debug|Win32 = Debug|Win32
		Release - Static|Win32 = Release - Static|Win32
		Release|Win32 = Release|Win32
	EndGlobalSection
	GlobalSection(ProjectConfigurationPlatforms) = postSolution
		{D4DDA734-7E93-4581-8F82-32BB738F69FE}.Debug - Static|Win32.ActiveCfg = Debug - Static|Win32
		{D4DDA734-7E93-4581-8F82-32BB738F69FE}.Debug - Static|Win32.Build.0 = Debug - Static|Win32
		{D4DDA734-7E93-4581-8F82-32BB738F69FE}.Debug|Win32.ActiveCfg = Debug - Dynamic|Win32
		{D4DDA734-7E93-4581-8F82-32BB738F69FE}.Debug|Win32.Build.0 = Debug - Dynamic|Win32
		{D4DDA734-7E93-4581-8F82-32BB738F69FE}.Release - Static|Win32.ActiveCfg = Release - Static|Win32
		{D4DDA734-7E93-4581-8F82-32BB738F69FE}.Release - Static|Win32.Build.0 = Release - Static|Win32
		{D4DDA734-7E93-4581-8F82-32BB738F69FE}.Release|Win32.ActiveCfg = Release - Dynamic|Win32
		{D4DDA734-7E93-4581-8F82-32BB738F69FE}.Release|Win32.Build.0 = Release - Dynamic|Win32
		{20C6411C-596F-4B85-BE4E-8BC91F59D8A6}.Debug - Static|Win32.ActiveCfg = Debug|Win32
		{20C6411C-596F-4B85-BE4E-8BC91F59D8A6}.Debug - Static|Win32.Build.0 = Debug|Win32
		{20C6411C-596F-4B85-BE4E-8BC91F59D8A6}.Debug|Win32.ActiveCfg = Debug|Win32
		{20C6411C-596F-4B85-BE4E-8BC91F59D8A6}.Debug|Win32.Build.0 = Debug|Win32
		{20C6411C-596F-4B85-BE4E-8BC91F59D8A6}.Release - Static|Win32.ActiveCfg = Release|Win32
		{20C6411C-596F-4B85-BE4E-8BC91F59D8A6}.Release - Static|Win32.Build.0 = Release|Win32
		{20C6411C-596F-4B85-BE4E-8BC91F59D8A6}.Release|Win32.ActiveCfg = Release|Win32
		{20C6411C-596F-4B85-BE4E-8BC91F59D8A6}.Release|Win32.Build.0 = Release|Win32
		{DFA23054-DC80-47DE-9F8D-F47A0FAE8787}.Debug - Static|Win32.ActiveCfg = Debug|Win32
		{DFA23054-DC80-47DE-9F8D-F47A0FAE8787}.Debug - Static|Win32.Build.0 = Debug|Win32
		{DFA23054-DC80-47DE-9F8D-F47A0FAE8787}.Debug|Win32.ActiveCfg = Debug|Win32
		{DFA23054-DC80-47DE-9F8D-F47A0FAE8787}.Debug|Win32.Build.0 = Debug|Win32
		{DFA23054-DC80-47DE-9F8D-F47A0FAE8787}.Release - Static|Win32.ActiveCfg = Release|Win32
		{DFA23054-DC80-47DE-9F8D-F47A0FAE8787}.Release - Static|Win32.Build.0 = Release|Win32
		{DFA23054-DC80-47DE-9F8D-F47A0FAE8787}.Release|Win32.ActiveCfg = Release|Win32
		{DFA23054-DC80-47DE-9F8D-F47A0FAE8787}.Release|Win32.Build.0 = Release|Win32
	EndGlobalSection
	GlobalSection(SolutionProperties) = preSolution
		HideSolutionNode = FALSE
	EndGlobalSection
EndGlobal
