
Microsoft Visual Studio Solution File, Format Version 9.00
# Visual C++ Express 2005
Project("{8BC9CEB8-8B4A-11D0-8D11-00A0C91BC942}") = "NifScript", "obse_plugin_example.vcproj", "{D4DDA734-7E93-4581-8F82-32BB738F69FE}"
EndProject
Project("{8BC9CEB8-8B4A-11D0-8D11-00A0C91BC942}") = "common", "..\common\common.vcproj", "{20C6411C-596F-4B85-BE4E-8BC91F59D8A6}"
EndProject
Global
	GlobalSection(SolutionConfigurationPlatforms) = preSolution
		Debug - DLL|Win32 = Debug - DLL|Win32
		Debug - Dynamic|Win32 = Debug - Dynamic|Win32
		Debug - Static|Win32 = Debug - Static|Win32
		Debug|Win32 = Debug|Win32
		DLL ASM Debug|Win32 = DLL ASM Debug|Win32
		DLL ASM Release|Win32 = DLL ASM Release|Win32
		DLL Debug|Win32 = DLL Debug|Win32
		DLL Release|Win32 = DLL Release|Win32
		LIB ASM Debug|Win32 = LIB ASM Debug|Win32
		LIB ASM Release|Win32 = LIB ASM Release|Win32
		LIB Debug|Win32 = LIB Debug|Win32
		LIB Release|Win32 = LIB Release|Win32
		Release - DLL|Win32 = Release - DLL|Win32
		Release - Dynamic|Win32 = Release - Dynamic|Win32
		Release - Static|Win32 = Release - Static|Win32
		Release|Win32 = Release|Win32
	EndGlobalSection
	GlobalSection(ProjectConfigurationPlatforms) = postSolution
		{D4DDA734-7E93-4581-8F82-32BB738F69FE}.Debug - DLL|Win32.ActiveCfg = Debug - Dynamic|Win32
		{D4DDA734-7E93-4581-8F82-32BB738F69FE}.Debug - DLL|Win32.Build.0 = Debug - Dynamic|Win32
		{D4DDA734-7E93-4581-8F82-32BB738F69FE}.Debug - Dynamic|Win32.ActiveCfg = Debug - Dynamic|Win32
		{D4DDA734-7E93-4581-8F82-32BB738F69FE}.Debug - Dynamic|Win32.Build.0 = Debug - Dynamic|Win32
		{D4DDA734-7E93-4581-8F82-32BB738F69FE}.Debug - Static|Win32.ActiveCfg = Debug - Static|Win32
		{D4DDA734-7E93-4581-8F82-32BB738F69FE}.Debug - Static|Win32.Build.0 = Debug - Static|Win32
		{D4DDA734-7E93-4581-8F82-32BB738F69FE}.Debug|Win32.ActiveCfg = Release - Static|Win32
		{D4DDA734-7E93-4581-8F82-32BB738F69FE}.Debug|Win32.Build.0 = Release - Static|Win32
		{D4DDA734-7E93-4581-8F82-32BB738F69FE}.DLL ASM Debug|Win32.ActiveCfg = Debug - Dynamic|Win32
		{D4DDA734-7E93-4581-8F82-32BB738F69FE}.DLL ASM Debug|Win32.Build.0 = Debug - Dynamic|Win32
		{D4DDA734-7E93-4581-8F82-32BB738F69FE}.DLL ASM Release|Win32.ActiveCfg = Debug - Dynamic|Win32
		{D4DDA734-7E93-4581-8F82-32BB738F69FE}.DLL ASM Release|Win32.Build.0 = Debug - Dynamic|Win32
		{D4DDA734-7E93-4581-8F82-32BB738F69FE}.DLL Debug|Win32.ActiveCfg = Debug - Dynamic|Win32
		{D4DDA734-7E93-4581-8F82-32BB738F69FE}.DLL Debug|Win32.Build.0 = Debug - Dynamic|Win32
		{D4DDA734-7E93-4581-8F82-32BB738F69FE}.DLL Release|Win32.ActiveCfg = Debug - Dynamic|Win32
		{D4DDA734-7E93-4581-8F82-32BB738F69FE}.DLL Release|Win32.Build.0 = Debug - Dynamic|Win32
		{D4DDA734-7E93-4581-8F82-32BB738F69FE}.LIB ASM Debug|Win32.ActiveCfg = Release - Dynamic|Win32
		{D4DDA734-7E93-4581-8F82-32BB738F69FE}.LIB ASM Debug|Win32.Build.0 = Release - Dynamic|Win32
		{D4DDA734-7E93-4581-8F82-32BB738F69FE}.LIB ASM Release|Win32.ActiveCfg = Release - Dynamic|Win32
		{D4DDA734-7E93-4581-8F82-32BB738F69FE}.LIB ASM Release|Win32.Build.0 = Release - Dynamic|Win32
		{D4DDA734-7E93-4581-8F82-32BB738F69FE}.LIB Debug|Win32.ActiveCfg = Release - Dynamic|Win32
		{D4DDA734-7E93-4581-8F82-32BB738F69FE}.LIB Debug|Win32.Build.0 = Release - Dynamic|Win32
		{D4DDA734-7E93-4581-8F82-32BB738F69FE}.LIB Release|Win32.ActiveCfg = Release - Dynamic|Win32
		{D4DDA734-7E93-4581-8F82-32BB738F69FE}.LIB Release|Win32.Build.0 = Release - Dynamic|Win32
		{D4DDA734-7E93-4581-8F82-32BB738F69FE}.Release - DLL|Win32.ActiveCfg = Release - Dynamic|Win32
		{D4DDA734-7E93-4581-8F82-32BB738F69FE}.Release - DLL|Win32.Build.0 = Release - Dynamic|Win32
		{D4DDA734-7E93-4581-8F82-32BB738F69FE}.Release - Dynamic|Win32.ActiveCfg = Debug - Static|Win32
		{D4DDA734-7E93-4581-8F82-32BB738F69FE}.Release - Dynamic|Win32.Build.0 = Debug - Static|Win32
		{D4DDA734-7E93-4581-8F82-32BB738F69FE}.Release - Static|Win32.ActiveCfg = Release - Static|Win32
		{D4DDA734-7E93-4581-8F82-32BB738F69FE}.Release - Static|Win32.Build.0 = Release - Static|Win32
		{D4DDA734-7E93-4581-8F82-32BB738F69FE}.Release|Win32.ActiveCfg = Release - Dynamic|Win32
		{D4DDA734-7E93-4581-8F82-32BB738F69FE}.Release|Win32.Build.0 = Release - Dynamic|Win32
		{20C6411C-596F-4B85-BE4E-8BC91F59D8A6}.Debug - DLL|Win32.ActiveCfg = Debug|Win32
		{20C6411C-596F-4B85-BE4E-8BC91F59D8A6}.Debug - DLL|Win32.Build.0 = Debug|Win32
		{20C6411C-596F-4B85-BE4E-8BC91F59D8A6}.Debug - Dynamic|Win32.ActiveCfg = Debug|Win32
		{20C6411C-596F-4B85-BE4E-8BC91F59D8A6}.Debug - Dynamic|Win32.Build.0 = Debug|Win32
		{20C6411C-596F-4B85-BE4E-8BC91F59D8A6}.Debug - Static|Win32.ActiveCfg = Debug|Win32
		{20C6411C-596F-4B85-BE4E-8BC91F59D8A6}.Debug - Static|Win32.Build.0 = Debug|Win32
		{20C6411C-596F-4B85-BE4E-8BC91F59D8A6}.Debug|Win32.ActiveCfg = Debug|Win32
		{20C6411C-596F-4B85-BE4E-8BC91F59D8A6}.Debug|Win32.Build.0 = Debug|Win32
		{20C6411C-596F-4B85-BE4E-8BC91F59D8A6}.DLL ASM Debug|Win32.ActiveCfg = Debug|Win32
		{20C6411C-596F-4B85-BE4E-8BC91F59D8A6}.DLL ASM Debug|Win32.Build.0 = Debug|Win32
		{20C6411C-596F-4B85-BE4E-8BC91F59D8A6}.DLL ASM Release|Win32.ActiveCfg = Release|Win32
		{20C6411C-596F-4B85-BE4E-8BC91F59D8A6}.DLL ASM Release|Win32.Build.0 = Release|Win32
		{20C6411C-596F-4B85-BE4E-8BC91F59D8A6}.DLL Debug|Win32.ActiveCfg = Debug|Win32
		{20C6411C-596F-4B85-BE4E-8BC91F59D8A6}.DLL Debug|Win32.Build.0 = Debug|Win32
		{20C6411C-596F-4B85-BE4E-8BC91F59D8A6}.DLL Release|Win32.ActiveCfg = Release|Win32
		{20C6411C-596F-4B85-BE4E-8BC91F59D8A6}.DLL Release|Win32.Build.0 = Release|Win32
		{20C6411C-596F-4B85-BE4E-8BC91F59D8A6}.LIB ASM Debug|Win32.ActiveCfg = Debug|Win32
		{20C6411C-596F-4B85-BE4E-8BC91F59D8A6}.LIB ASM Debug|Win32.Build.0 = Debug|Win32
		{20C6411C-596F-4B85-BE4E-8BC91F59D8A6}.LIB ASM Release|Win32.ActiveCfg = Release|Win32
		{20C6411C-596F-4B85-BE4E-8BC91F59D8A6}.LIB ASM Release|Win32.Build.0 = Release|Win32
		{20C6411C-596F-4B85-BE4E-8BC91F59D8A6}.LIB Debug|Win32.ActiveCfg = Debug|Win32
		{20C6411C-596F-4B85-BE4E-8BC91F59D8A6}.LIB Debug|Win32.Build.0 = Debug|Win32
		{20C6411C-596F-4B85-BE4E-8BC91F59D8A6}.LIB Release|Win32.ActiveCfg = Release|Win32
		{20C6411C-596F-4B85-BE4E-8BC91F59D8A6}.LIB Release|Win32.Build.0 = Release|Win32
		{20C6411C-596F-4B85-BE4E-8BC91F59D8A6}.Release - DLL|Win32.ActiveCfg = Release|Win32
		{20C6411C-596F-4B85-BE4E-8BC91F59D8A6}.Release - DLL|Win32.Build.0 = Release|Win32
		{20C6411C-596F-4B85-BE4E-8BC91F59D8A6}.Release - Dynamic|Win32.ActiveCfg = Release|Win32
		{20C6411C-596F-4B85-BE4E-8BC91F59D8A6}.Release - Dynamic|Win32.Build.0 = Release|Win32
		{20C6411C-596F-4B85-BE4E-8BC91F59D8A6}.Release - Static|Win32.ActiveCfg = Release|Win32
		{20C6411C-596F-4B85-BE4E-8BC91F59D8A6}.Release - Static|Win32.Build.0 = Release|Win32
		{20C6411C-596F-4B85-BE4E-8BC91F59D8A6}.Release|Win32.ActiveCfg = Release|Win32
		{20C6411C-596F-4B85-BE4E-8BC91F59D8A6}.Release|Win32.Build.0 = Release|Win32
	EndGlobalSection
	GlobalSection(SolutionProperties) = preSolution
		HideSolutionNode = FALSE
	EndGlobalSection
	GlobalSection(SourceCodeControl) = preSolution
		SccNumberOfProjects = 3
		SccProjectUniqueName0 = ..\\common\\common.vcproj
		SccLocalPath0 = ..\\common
		SccProjectName1 = Perforce\u0020Project
		SccLocalPath1 = ..
		SccProvider1 = MSSCCI:Perforce\u0020SCM
		SccProjectFilePathRelativizedFromConnection1 = obse_plugin_example\\
		SccProjectUniqueName2 = obse_plugin_example.vcproj
		SccLocalPath2 = ..
		SccProjectFilePathRelativizedFromConnection2 = obse_plugin_example\\
	EndGlobalSection
EndGlobal
